PODS:
  - Alamofire (4.8.2)
  - CSV.swift (2.4.1)

DEPENDENCIES:
  - Alamofire
  - CSV.swift

SPEC REPOS:
  https://github.com/cocoapods/specs.git:
    - Alamofire
    - CSV.swift

SPEC CHECKSUMS:
  Alamofire: ae5c501addb7afdbb13687d7f2f722c78734c2d3
  CSV.swift: f31c4e4d06b3f20b2380f4a4754108c8f36528a8

PODFILE CHECKSUM: 9f2a678469d888abe6917c8e97ad70948418c22e

COCOAPODS: 1.7.2
